// !$*UTF8*$!
{
	archiveVersion = 1;
	classes = {
	};
	objectVersion = 46;
	objects = {

/* Begin PBXBuildFile section */
		044B144D1D98F76D00961FD4 /* AppDelegate.swift in Sources */ = {isa = PBXBuildFile; fileRef = 044B144C1D98F76D00961FD4 /* AppDelegate.swift */; };
		044B144F1D98F76D00961FD4 /* ViewController.swift in Sources */ = {isa = PBXBuildFile; fileRef = 044B144E1D98F76D00961FD4 /* ViewController.swift */; };
		044B14521D98F76D00961FD4 /* Main.storyboard in Resources */ = {isa = PBXBuildFile; fileRef = 044B14501D98F76D00961FD4 /* Main.storyboard */; };
		044B14541D98F76D00961FD4 /* Assets.xcassets in Resources */ = {isa = PBXBuildFile; fileRef = 044B14531D98F76D00961FD4 /* Assets.xcassets */; };
		044B14571D98F76D00961FD4 /* LaunchScreen.storyboard in Resources */ = {isa = PBXBuildFile; fileRef = 044B14551D98F76D00961FD4 /* LaunchScreen.storyboard */; };
/* End PBXBuildFile section */

/* Begin PBXFileReference section */
		044B14491D98F76D00961FD4 /* ecomShoes.app */ = {isa = PBXFileReference; explicitFileType = wrapper.application; includeInIndex = 0; path = ecomShoes.app; sourceTree = BUILT_PRODUCTS_DIR; };
		044B144C1D98F76D00961FD4 /* AppDelegate.swift */ = {isa = PBXFileReference; lastKnownFileType = sourcecode.swift; path = AppDelegate.swift; sourceTree = "<group>"; };
		044B144E1D98F76D00961FD4 /* ViewController.swift */ = {isa = PBXFileReference; lastKnownFileType = sourcecode.swift; path = ViewController.swift; sourceTree = "<group>"; };
		044B14511D98F76D00961FD4 /* Base */ = {isa = PBXFileReference; lastKnownFileType = file.storyboard; name = Base; path = Base.lproj/Main.storyboard; sourceTree = "<group>"; };
		044B14531D98F76D00961FD4 /* Assets.xcassets */ = {isa = PBXFileReference; lastKnownFileType = folder.assetcatalog; path = Assets.xcassets; sourceTree = "<group>"; };
		044B14561D98F76D00961FD4 /* Base */ = {isa = PBXFileReference; lastKnownFileType = file.storyboard; name = Base; path = Base.lproj/LaunchScreen.storyboard; sourceTree = "<group>"; };
		044B14581D98F76D00961FD4 /* Info.plist */ = {isa = PBXFileReference; lastKnownFileType = text.plist.xml; path = Info.plist; sourceTree = "<group>"; };
/* End PBXFileReference section */

/* Begin PBXFrameworksBuildPhase section */
		044B14461D98F76C00961FD4 /* Frameworks */ = {
			isa = PBXFrameworksBuildPhase;
			buildActionMask = 2147483647;
			files = (
			);
			runOnlyForDeploymentPostprocessing = 0;
		};
/* End PBXFrameworksBuildPhase section */

/* Begin PBXGroup section */
		044B14401D98F76C00961FD4 = {
			isa = PBXGroup;
			children = (
				044B144B1D98F76D00961FD4 /* ecomShoes */,
				044B144A1D98F76D00961FD4 /* Products */,
			);
			sourceTree = "<group>";
		};
		044B144A1D98F76D00961FD4 /* Products */ = {
			isa = PBXGroup;
			children = (
				044B14491D98F76D00961FD4 /* ecomShoes.app */,
			);
			name = Products;
			sourceTree = "<group>";
		};
		044B144B1D98F76D00961FD4 /* ecomShoes */ = {
			isa = PBXGroup;
			children = (
				044B144C1D98F76D00961FD4 /* AppDelegate.swift */,
				044B144E1D98F76D00961FD4 /* ViewController.swift */,
				044B14501D98F76D00961FD4 /* Main.storyboard */,
				044B14531D98F76D00961FD4 /* Assets.xcassets */,
				044B14551D98F76D00961FD4 /* LaunchScreen.storyboard */,
				044B14581D98F76D00961FD4 /* Info.plist */,
			);
			path = ecomShoes;
			sourceTree = "<group>";
		};
/* End PBXGroup section */

/* Begin PBXNativeTarget section */
		044B14481D98F76C00961FD4 /* ecomShoes */ = {
			isa = PBXNativeTarget;
			buildConfigurationList = 044B145B1D98F76D00961FD4 /* Build configuration list for PBXNativeTarget "ecomShoes" */;
			buildPhases = (
				044B14451D98F76C00961FD4 /* Sources */,
				044B14461D98F76C00961FD4 /* Frameworks */,
				044B14471D98F76C00961FD4 /* Resources */,
			);
			buildRules = (
			);
			dependencies = (
			);
			name = ecomShoes;
			productName = ecomShoes;
			productReference = 044B14491D98F76D00961FD4 /* ecomShoes.app */;
			productType = "com.apple.product-type.application";
		};
/* End PBXNativeTarget section */

/* Begin PBXProject section */
		044B14411D98F76C00961FD4 /* Project object */ = {
			isa = PBXProject;
			attributes = {
				LastSwiftUpdateCheck = 0800;
				LastUpgradeCheck = 0800;
				ORGANIZATIONNAME = MAC;
				TargetAttributes = {
					044B14481D98F76C00961FD4 = {
						CreatedOnToolsVersion = 8.0;
						ProvisioningStyle = Automatic;
					};
				};
			};
			buildConfigurationList = 044B14441D98F76C00961FD4 /* Build configuration list for PBXProject "ecomShoes" */;
			compatibilityVersion = "Xcode 3.2";
			developmentRegion = English;
			hasScannedForEncodings = 0;
			knownRegions = (
				en,
				Base,
			);
			mainGroup = 044B14401D98F76C00961FD4;
			productRefGroup = 044B144A1D98F76D00961FD4 /* Products */;
			projectDirPath = "";
			projectRoot = "";
			targets = (
				044B14481D98F76C00961FD4 /* ecomShoes */,
			);
		};
/* End PBXProject section */

/* Begin PBXResourcesBuildPhase section */
		044B14471D98F76C00961FD4 /* Resources */ = {
			isa = PBXResourcesBuildPhase;
			buildActionMask = 2147483647;
			files = (
				044B14571D98F76D00961FD4 /* LaunchScreen.storyboard in Resources */,
				044B14541D98F76D00961FD4 /* Assets.xcassets in Resources */,
				044B14521D98F76D00961FD4 /* Main.storyboard in Resources */,
			);
			runOnlyForDeploymentPostprocessing = 0;
		};
/* End PBXResourcesBuildPhase section */

/* Begin PBXSourcesBuildPhase section */
		044B14451D98F76C00961FD4 /* Sources */ = {
			isa = PBXSourcesBuildPhase;
			buildActionMask = 2147483647;
			files = (
				044B144F1D98F76D00961FD4 /* ViewController.swift in Sources */,
				044B144D1D98F76D00961FD4 /* AppDelegate.swift in Sources */,
			);
			runOnlyForDeploymentPostprocessing = 0;
		};
/* End PBXSourcesBuildPhase section */

/* Begin PBXVariantGroup section */
		044B14501D98F76D00961FD4 /* Main.storyboard */ = {
			isa = PBXVariantGroup;
			children = (
				044B14511D98F76D00961FD4 /* Base */,
			);
			name = Main.storyboard;
			sourceTree = "<group>";
		};
		044B14551D98F76D00961FD4 /* LaunchScreen.storyboard */ = {
			isa = PBXVariantGroup;
			children = (
				044B14561D98F76D00961FD4 /* Base */,
			);
			name = LaunchScreen.storyboard;
			sourceTree = "<group>";
		};
/* End PBXVariantGroup section */

/* Begin XCBuildConfiguration section */
		044B14591D98F76D00961FD4 /* Debug */ = {
			isa = XCBuildConfiguration;
			buildSettings = {
				ALWAYS_SEARCH_USER_PATHS = NO;
				CLANG_ANALYZER_NONNULL = YES;
				CLANG_CXX_LANGUAGE_STANDARD = "gnu++0x";
				CLANG_CXX_LIBRARY = "libc++";
				CLANG_ENABLE_MODULES = YES;
				CLANG_ENABLE_OBJC_ARC = YES;
				CLANG_WARN_BOOL_CONVERSION = YES;
				CLANG_WARN_CONSTANT_CONVERSION = YES;
				CLANG_WARN_DIRECT_OBJC_ISA_USAGE = YES_ERROR;
				CLANG_WARN_DOCUMENTATION_COMMENTS = YES;
				CLANG_WARN_EMPTY_BODY = YES;
				CLANG_WARN_ENUM_CONVERSION = YES;
				CLANG_WARN_INFINITE_RECURSION = YES;
				CLANG_WARN_INT_CONVERSION = YES;
				CLANG_WARN_OBJC_ROOT_CLASS = YES_ERROR;
				CLANG_WARN_SUSPICIOUS_MOVES = YES;
				CLANG_WARN_UNREACHABLE_CODE = YES;
				CLANG_WARN__DUPLICATE_METHOD_MATCH = YES;
				"CODE_SIGN_IDENTITY[sdk=iphoneos*]" = "iPhone Developer";
				COPY_PHASE_STRIP = NO;
				DEBUG_INFORMATION_FORMAT = dwarf;
				ENABLE_STRICT_OBJC_MSGSEND = YES;
				ENABLE_TESTABILITY = YES;
				GCC_C_LANGUAGE_STANDARD = gnu99;
				GCC_DYNAMIC_NO_PIC = NO;
				GCC_NO_COMMON_BLOCKS = YES;
				GCC_OPTIMIZATION_LEVEL = 0;
				GCC_PREPROCESSOR_DEFINITIONS = (
					"DEBUG=1",
					"$(inherited)",
				);
				GCC_WARN_64_TO_32_BIT_CONVERSION = YES;
				GCC_WARN_ABOUT_RETURN_TYPE = YES_ERROR;
				GCC_WARN_UNDECLARED_SELECTOR = YES;
				GCC_WARN_UNINITIALIZED_AUTOS = YES_AGGRESSIVE;
				GCC_WARN_UNUSED_FUNCTION = YES;
				GCC_WARN_UNUSED_VARIABLE = YES;
				IPHONEOS_DEPLOYMENT_TARGET = 10.0;
				MTL_ENABLE_DEBUG_INFO = YES;
				ONLY_ACTIVE_ARCH = YES;
				SDKROOT = iphoneos;
				SWIFT_ACTIVE_COMPILATION_CONDITIONS = DEBUG;
				SWIFT_OPTIMIZATION_LEVEL = "-Onone";
				TARGETED_DEVICE_FAMILY = "1,2";
			};
			name = Debug;
		};
		044B145A1D98F76D00961FD4 /* Release */ = {
			isa = XCBuildConfiguration;
			buildSettings = {
				ALWAYS_SEARCH_USER_PATHS = NO;
				CLANG_ANALYZER_NONNULL = YES;
				CLANG_CXX_LANGUAGE_STANDARD = "gnu++0x";
				CLANG_CXX_LIBRARY = "libc++";
				CLANG_ENABLE_MODULES = YES;
				CLANG_ENABLE_OBJC_ARC = YES;
				CLANG_WARN_BOOL_CONVERSION = YES;
				CLANG_WARN_CONSTANT_CONVERSION = YES;
				CLANG_WARN_DIRECT_OBJC_ISA_USAGE = YES_ERROR;
				CLANG_WARN_DOCUMENTATION_COMMENTS = YES;
				CLANG_WARN_EMPTY_BODY = YES;
				CLANG_WARN_ENUM_CONVERSION = YES;
				CLANG_WARN_INFINITE_RECURSION = YES;
				CLANG_WARN_INT_CONVERSION = YES;
				CLANG_WARN_OBJC_ROOT_CLASS = YES_ERROR;
				CLANG_WARN_SUSPICIOUS_MOVES = YES;
				CLANG_WARN_UNREACHABLE_CODE = YES;
				CLANG_WARN__DUPLICATE_METHOD_MATCH = YES;
				"CODE_SIGN_IDENTITY[sdk=iphoneos*]" = "iPhone Developer";
				COPY_PHASE_STRIP = NO;
				DEBUG_INFORMATION_FORMAT = "dwarf-with-dsym";
				ENABLE_NS_ASSERTIONS = NO;
				ENABLE_STRICT_OBJC_MSGSEND = YES;
				GCC_C_LANGUAGE_STANDARD = gnu99;
				GCC_NO_COMMON_BLOCKS = YES;
				GCC_WARN_64_TO_32_BIT_CONVERSION = YES;
				GCC_WARN_ABOUT_RETURN_TYPE = YES_ERROR;
				GCC_WARN_UNDECLARED_SELECTOR = YES;
				GCC_WARN_UNINITIALIZED_AUTOS = YES_AGGRESSIVE;
				GCC_WARN_UNUSED_FUNCTION = YES;
				GCC_WARN_UNUSED_VARIABLE = YES;
				IPHONEOS_DEPLOYMENT_TARGET = 10.0;
				MTL_ENABLE_DEBUG_INFO = NO;
				SDKROOT = iphoneos;
				SWIFT_OPTIMIZATION_LEVEL = "-Owholemodule";
				TARGETED_DEVICE_FAMILY = "1,2";
				VALIDATE_PRODUCT = YES;
			};
			name = Release;
		};
		044B145C1D98F76D00961FD4 /* Debug */ = {
			isa = XCBuildConfiguration;
			buildSettings = {
				ASSETCATALOG_COMPILER_APPICON_NAME = AppIcon;
				INFOPLIST_FILE = ecomShoes/Info.plist;
				LD_RUNPATH_SEARCH_PATHS = "$(inherited) @executable_path/Frameworks";
				PRODUCT_BUNDLE_IDENTIFIER = CeliaLRND.ecomShoes;
				PRODUCT_NAME = "$(TARGET_NAME)";
				SWIFT_VERSION = 3.0;
			};
			name = Debug;
		};
		044B145D1D98F76D00961FD4 /* Release */ = {
			isa = XCBuildConfiguration;
			buildSettings = {
				ASSETCATALOG_COMPILER_APPICON_NAME = AppIcon;
				INFOPLIST_FILE = ecomShoes/Info.plist;
				LD_RUNPATH_SEARCH_PATHS = "$(inherited) @executable_path/Frameworks";
				PRODUCT_BUNDLE_IDENTIFIER = CeliaLRND.ecomShoes;
				PRODUCT_NAME = "$(TARGET_NAME)";
				SWIFT_VERSION = 3.0;
			};
			name = Release;
		};
/* End XCBuildConfiguration section */

/* Begin XCConfigurationList section */
		044B14441D98F76C00961FD4 /* Build configuration list for PBXProject "ecomShoes" */ = {
			isa = XCConfigurationList;
			buildConfigurations = (
				044B14591D98F76D00961FD4 /* Debug */,
				044B145A1D98F76D00961FD4 /* Release */,
			);
			defaultConfigurationIsVisible = 0;
			defaultConfigurationName = Release;
		};
		044B145B1D98F76D00961FD4 /* Build configuration list for PBXNativeTarget "ecomShoes" */ = {
			isa = XCConfigurationList;
			buildConfigurations = (
				044B145C1D98F76D00961FD4 /* Debug */,
				044B145D1D98F76D00961FD4 /* Release */,
			);
			defaultConfigurationIsVisible = 0;
		};
/* End XCConfigurationList section */
	};
	rootObject = 044B14411D98F76C00961FD4 /* Project object */;
}
